# This Source Code Form is subject to the terms of the Mozilla Public
# License, v. 2.0. If a copy of the MPL was not distributed with this
# file, You can obtain one at http://mozilla.org/MPL/2.0/.

- name: zen.adblock.enabled
  value: true

- name: zen.adblock.level
  value: medium

- name: zen.adblock.cname-uncloak
  value: true

- name: zen.adblock.customRules
  value: ""
